# init: init git
# feat: add hyprland desktop module with home-manager
#
# - Add hyprland input to flake.nix
# - Create desktop.nix module for hyprland configuration
# - Add demo.desktop.hyprland option to enable wayland desktop
# - Include hyprland in dev shell
# refactor: remove hyprland and simplify modules
# feat: add hyprland and related inputs
# system/nix: remove mango and scenefx inputs
# feat: add hyprland and related inputs
