# init: init git
# feat: add hyprland desktop module with home-manager
#
# - Add hyprland input to flake.nix
# - Create desktop.nix module for hyprland configuration
# - Add demo.desktop.hyprland option to enable wayland desktop
# - Include hyprland in dev shell
# refactor: remove hyprland and simplify modules
# feat: add hyprland and related inputs
# system/nix: remove mango and scenefx inputs
# feat: add hyprland and related inputs
# refactor: resolve merge conflicts in modules
# chore: update flake inputs to use github sources
# fix: update flake lock
# fix: update home-manager lock file with new revision and hash
# fix: update repository URLs to use Codeberg for erina-vim and oh-my-rime-nix
# feat(hyprland): update flake.lock and flake.nix for new inputs and settings
# feat: update flake.lock with new versions and hashes for dependencies
# refactor: rename lib.erinite to eriniteLib and add hypr-dynamic-cursors
# build(hyprland): update Hyprland and configure dynamic-cursors
# fix(flake): add hyprgrass input and update hyprland configuration
# fix(flake): update hyprgrass URL to use GitHub
# refactor(mechrevo): update Hyprland monitor configuration for improved display settings
# fix(flake): update hyprgrass URL to reflect new repository owner
# docs(nh): clarify nh home is unsupported
# chore(flake.lock): update locked dependencies and their metadata
# feat(matugen): add cava color template
# fix: fix cava configuration
# fix(flake.lock): update locked versions and hashes for dependencies
# feat(nvim): migrate to nvf configuration
# feat(nvim): update settings and snacks configurations, enhance folding and add bigfile support
# feat: updated flake lock
# feat(hyprland): switch to lua configs and disabled pulgins for now
# refactor(hyprland): update dynamic cursors and grass plugin configurations
# feat: switch to nixos 25.11
# Revert "feat: switch to nixos 25.11"
#
# This reverts commit 57f13dac0b8de4a38f01ce8077919196af967dbc.
# refactor(common): switch to ly
# Add Stylix test configuration
# fix: use linux7.0.3 kernel for mechrevo to fix bluetooth failure
# fix: comment out conflict configurations
# fix: enable fcitx5 and disable themes in rime configuration
# feat(dms): switch dms to master branch
# feat: update flake lock
# update system
# feat(theme-spicialisation): enhance options
# update system
# feat(nec): enable ghostty for nec
# feat(dms): add dms screenshot plugin
# update system
# deat(dms): disable dms screenshot plugin
# update system
