# init: init git
# feat: add hyprland desktop module with home-manager
#
# - Add hyprland input to flake.nix
# - Create desktop.nix module for hyprland configuration
# - Add demo.desktop.hyprland option to enable wayland desktop
# - Include hyprland in dev shell
# refactor: remove hyprland and simplify modules
# feat: add hyprland and related inputs
# system/nix: remove mango and scenefx inputs
# feat: add hyprland and related inputs
# refactor: resolve merge conflicts in modules
# chore: update flake inputs to use github sources
# fix: update flake lock
# fix: update home-manager lock file with new revision and hash
# fix: update repository URLs to use Codeberg for erina-vim and oh-my-rime-nix
# feat(hyprland): update flake.lock and flake.nix for new inputs and settings
# feat: update flake.lock with new versions and hashes for dependencies
# refactor: rename lib.erinite to eriniteLib and add hypr-dynamic-cursors
# build(hyprland): update Hyprland and configure dynamic-cursors
# fix(flake): add hyprgrass input and update hyprland configuration
# fix(flake): update hyprgrass URL to use GitHub
# refactor(mechrevo): update Hyprland monitor configuration for improved display settings
# fix(flake): update hyprgrass URL to reflect new repository owner
